
Microsoft Visual Studio Solution File, Format Version 12.00
# Visual Studio 2013
VisualStudioVersion = 12.0.31101.0
MinimumVisualStudioVersion = 10.0.40219.1
Project("{9092AA53-FB77-4645-B42D-1CCCA6BD08BD}") = "ArthNode", "ArthNode\ArthNode.njsproj", "{7B19E43F-6501-4FB3-8F70-9BCAEBB41754}"
EndProject
Project("{2150E333-8FDC-42A3-9474-1A3956D46DE8}") = "Solution Items", "Solution Items", "{F0F42EFF-EE8D-428E-9817-5996CEE4CA7E}"
	ProjectSection(SolutionItems) = preProject
		README.md = README.md
	EndProjectSection
EndProject
Global
	GlobalSection(SolutionConfigurationPlatforms) = preSolution
		Debug|Any CPU = Debug|Any CPU
		Release|Any CPU = Release|Any CPU
	EndGlobalSection
	GlobalSection(ProjectConfigurationPlatforms) = postSolution
		{7B19E43F-6501-4FB3-8F70-9BCAEBB41754}.Debug|Any CPU.ActiveCfg = Debug|Any CPU
		{7B19E43F-6501-4FB3-8F70-9BCAEBB41754}.Debug|Any CPU.Build.0 = Debug|Any CPU
		{7B19E43F-6501-4FB3-8F70-9BCAEBB41754}.Release|Any CPU.ActiveCfg = Release|Any CPU
		{7B19E43F-6501-4FB3-8F70-9BCAEBB41754}.Release|Any CPU.Build.0 = Release|Any CPU
	EndGlobalSection
	GlobalSection(SolutionProperties) = preSolution
		HideSolutionNode = FALSE
	EndGlobalSection
EndGlobal
